
Microsoft Visual Studio Solution File, Format Version 12.00
# Visual Studio Version 17
VisualStudioVersion = 17.9.34607.119
MinimumVisualStudioVersion = 10.0.40219.1
Project("{888888A0-9F3D-457C-B088-3A5042F75D52}") = "PaletteRobot", "PaletteRobot.pyproj", "{B0684C32-50D2-416F-8196-02FBDF0EB607}"
EndProject
Global
	GlobalSection(SolutionConfigurationPlatforms) = preSolution
		Debug|Any CPU = Debug|Any CPU
		Release|Any CPU = Release|Any CPU
	EndGlobalSection
	GlobalSection(ProjectConfigurationPlatforms) = postSolution
		{B0684C32-50D2-416F-8196-02FBDF0EB607}.Debug|Any CPU.ActiveCfg = Debug|Any CPU
		{B0684C32-50D2-416F-8196-02FBDF0EB607}.Release|Any CPU.ActiveCfg = Release|Any CPU
	EndGlobalSection
	GlobalSection(SolutionProperties) = preSolution
		HideSolutionNode = FALSE
	EndGlobalSection
	GlobalSection(ExtensibilityGlobals) = postSolution
		SolutionGuid = {1FFA8BED-AD04-46C8-ACE1-E5DAA3ED3378}
	EndGlobalSection
EndGlobal
